
Microsoft Visual Studio Solution File, Format Version 12.00
# Visual Studio Version 17
VisualStudioVersion = 17.0.31903.59
MinimumVisualStudioVersion = 10.0.40219.1
Project("{FAE04EC0-301F-11D3-BF4B-00C04F79EFBC}") = "NG_data", "NG_data\NG_data.csproj", "{DBDEC99B-FDDA-448D-A937-143E91D92EDB}"
EndProject
Project("{FAE04EC0-301F-11D3-BF4B-00C04F79EFBC}") = "NG.UI", "NG.UI\NG.UI.csproj", "{D4F159D5-D7E2-4253-A091-AB44579A8668}"
EndProject
Project("{FAE04EC0-301F-11D3-BF4B-00C04F79EFBC}") = "NG_Repository", "NG_Repository\NG_Repository.csproj", "{49F70F9F-053A-4363-A26B-151138EC8C18}"
EndProject
Global
	GlobalSection(SolutionConfigurationPlatforms) = preSolution
		Debug|Any CPU = Debug|Any CPU
		Release|Any CPU = Release|Any CPU
	EndGlobalSection
	GlobalSection(SolutionProperties) = preSolution
		HideSolutionNode = FALSE
	EndGlobalSection
	GlobalSection(ProjectConfigurationPlatforms) = postSolution
		{DBDEC99B-FDDA-448D-A937-143E91D92EDB}.Debug|Any CPU.ActiveCfg = Debug|Any CPU
		{DBDEC99B-FDDA-448D-A937-143E91D92EDB}.Debug|Any CPU.Build.0 = Debug|Any CPU
		{DBDEC99B-FDDA-448D-A937-143E91D92EDB}.Release|Any CPU.ActiveCfg = Release|Any CPU
		{DBDEC99B-FDDA-448D-A937-143E91D92EDB}.Release|Any CPU.Build.0 = Release|Any CPU
		{D4F159D5-D7E2-4253-A091-AB44579A8668}.Debug|Any CPU.ActiveCfg = Debug|Any CPU
		{D4F159D5-D7E2-4253-A091-AB44579A8668}.Debug|Any CPU.Build.0 = Debug|Any CPU
		{D4F159D5-D7E2-4253-A091-AB44579A8668}.Release|Any CPU.ActiveCfg = Release|Any CPU
		{D4F159D5-D7E2-4253-A091-AB44579A8668}.Release|Any CPU.Build.0 = Release|Any CPU
		{49F70F9F-053A-4363-A26B-151138EC8C18}.Debug|Any CPU.ActiveCfg = Debug|Any CPU
		{49F70F9F-053A-4363-A26B-151138EC8C18}.Debug|Any CPU.Build.0 = Debug|Any CPU
		{49F70F9F-053A-4363-A26B-151138EC8C18}.Release|Any CPU.ActiveCfg = Release|Any CPU
		{49F70F9F-053A-4363-A26B-151138EC8C18}.Release|Any CPU.Build.0 = Release|Any CPU
	EndGlobalSection
EndGlobal
